# This file is automatically @generated by Poetry 1.6.1 and should not be changed by hand.

[[package]]
name = "robotframework"
version = "6.1.1"
description = "Generic automation framework for acceptance testing and robotic process automation (RPA)"
optional = false
python-versions = ">=3.6"
files = [
    {file = "robotframework-6.1.1-py3-none-any.whl", hash = "sha256:ee0d512d557e72ed760dd075525f6226baaab309010a48f9c9bf1f416ca434f7"},
    {file = "robotframework-6.1.1.zip", hash = "sha256:3fa18f2596a4df2418c4b59abf43248327c15ed38ad8665f6a9a9c75c95d7789"},
]

[metadata]
lock-version = "2.0"
python-versions = "^3.10"
content-hash = "3760cb6e8a6ed44fc5e3b845827298552ff45fc99a097ed62a3dda4c54671029"
